{
	"name": "zerofinance-git",
	"version": "1.0.3",
	"lockfileVersion": 1,
	"requires": true,
	"dependencies": {
		"@types/node": {
			"version": "10.12.30",
			"resolved": "http://registry.npm.taobao.org/@types/node/download/@types/node-10.12.30.tgz",
			"integrity": "sha1-TCtPABXyFPgVijRzUEgTIrOymy8=",
			"dev": true
		},
		"debug": {
			"version": "4.1.1",
			"resolved": "http://registry.npm.taobao.org/debug/download/debug-4.1.1.tgz",
			"integrity": "sha1-O3ImAlUQnGtYnO4FDx1RYTlmR5E=",
			"requires": {
				"ms": "^2.1.1"
			}
		},
		"ms": {
			"version": "2.1.1",
			"resolved": "http://registry.npm.taobao.org/ms/download/ms-2.1.1.tgz",
			"integrity": "sha1-MKWGTrPrsKZvLr5tcnrwagnYbgo="
		},
		"simple-git": {
			"version": "1.107.0",
			"resolved": "http://registry.npm.taobao.org/simple-git/download/simple-git-1.107.0.tgz",
			"integrity": "sha1-Es/68mHBTW9FD3/bhsIczulos4M=",
			"requires": {
				"debug": "^4.0.1"
			}
		}
	}
}
